
Microsoft Visual Studio Solution File, Format Version 12.00
# Visual Studio Version 16
VisualStudioVersion = 16.0.30002.166
MinimumVisualStudioVersion = 10.0.40219.1
Project("{FAE04EC0-301F-11D3-BF4B-00C04F79EFBC}") = "SlideImage.Android", "SlideImage\SlideImage.Android\SlideImage.Android.csproj", "{EB629856-83FA-4933-BD8A-DB9CB70C9C84}"
EndProject
Project("{FAE04EC0-301F-11D3-BF4B-00C04F79EFBC}") = "SlideImage.iOS", "SlideImage\SlideImage.iOS\SlideImage.iOS.csproj", "{59AD6D5E-1857-43FB-9C54-642B8E0B3655}"
EndProject
Project("{FAE04EC0-301F-11D3-BF4B-00C04F79EFBC}") = "SlideImage", "SlideImage\SlideImage\SlideImage.csproj", "{7A84A754-9BBF-45CB-A4B3-1EB673336054}"
EndProject
Global
	GlobalSection(SolutionConfigurationPlatforms) = preSolution
		Debug|Any CPU = Debug|Any CPU
		Debug|iPhone = Debug|iPhone
		Debug|iPhoneSimulator = Debug|iPhoneSimulator
		Release|Any CPU = Release|Any CPU
		Release|iPhone = Release|iPhone
		Release|iPhoneSimulator = Release|iPhoneSimulator
	EndGlobalSection
	GlobalSection(ProjectConfigurationPlatforms) = postSolution
		{EB629856-83FA-4933-BD8A-DB9CB70C9C84}.Debug|Any CPU.ActiveCfg = Debug|Any CPU
		{EB629856-83FA-4933-BD8A-DB9CB70C9C84}.Debug|Any CPU.Build.0 = Debug|Any CPU
		{EB629856-83FA-4933-BD8A-DB9CB70C9C84}.Debug|Any CPU.Deploy.0 = Debug|Any CPU
		{EB629856-83FA-4933-BD8A-DB9CB70C9C84}.Debug|iPhone.ActiveCfg = Debug|Any CPU
		{EB629856-83FA-4933-BD8A-DB9CB70C9C84}.Debug|iPhone.Build.0 = Debug|Any CPU
		{EB629856-83FA-4933-BD8A-DB9CB70C9C84}.Debug|iPhone.Deploy.0 = Debug|Any CPU
		{EB629856-83FA-4933-BD8A-DB9CB70C9C84}.Debug|iPhoneSimulator.ActiveCfg = Debug|Any CPU
		{EB629856-83FA-4933-BD8A-DB9CB70C9C84}.Debug|iPhoneSimulator.Build.0 = Debug|Any CPU
		{EB629856-83FA-4933-BD8A-DB9CB70C9C84}.Debug|iPhoneSimulator.Deploy.0 = Debug|Any CPU
		{EB629856-83FA-4933-BD8A-DB9CB70C9C84}.Release|Any CPU.ActiveCfg = Release|Any CPU
		{EB629856-83FA-4933-BD8A-DB9CB70C9C84}.Release|Any CPU.Build.0 = Release|Any CPU
		{EB629856-83FA-4933-BD8A-DB9CB70C9C84}.Release|Any CPU.Deploy.0 = Release|Any CPU
		{EB629856-83FA-4933-BD8A-DB9CB70C9C84}.Release|iPhone.ActiveCfg = Release|Any CPU
		{EB629856-83FA-4933-BD8A-DB9CB70C9C84}.Release|iPhone.Build.0 = Release|Any CPU
		{EB629856-83FA-4933-BD8A-DB9CB70C9C84}.Release|iPhone.Deploy.0 = Release|Any CPU
		{EB629856-83FA-4933-BD8A-DB9CB70C9C84}.Release|iPhoneSimulator.ActiveCfg = Release|Any CPU
		{EB629856-83FA-4933-BD8A-DB9CB70C9C84}.Release|iPhoneSimulator.Build.0 = Release|Any CPU
		{EB629856-83FA-4933-BD8A-DB9CB70C9C84}.Release|iPhoneSimulator.Deploy.0 = Release|Any CPU
		{59AD6D5E-1857-43FB-9C54-642B8E0B3655}.Debug|Any CPU.ActiveCfg = Debug|iPhone
		{59AD6D5E-1857-43FB-9C54-642B8E0B3655}.Debug|Any CPU.Build.0 = Debug|iPhone
		{59AD6D5E-1857-43FB-9C54-642B8E0B3655}.Debug|Any CPU.Deploy.0 = Debug|iPhone
		{59AD6D5E-1857-43FB-9C54-642B8E0B3655}.Debug|iPhone.ActiveCfg = Debug|iPhone
		{59AD6D5E-1857-43FB-9C54-642B8E0B3655}.Debug|iPhone.Build.0 = Debug|iPhone
		{59AD6D5E-1857-43FB-9C54-642B8E0B3655}.Debug|iPhone.Deploy.0 = Debug|iPhone
		{59AD6D5E-1857-43FB-9C54-642B8E0B3655}.Debug|iPhoneSimulator.ActiveCfg = Debug|iPhoneSimulator
		{59AD6D5E-1857-43FB-9C54-642B8E0B3655}.Debug|iPhoneSimulator.Build.0 = Debug|iPhoneSimulator
		{59AD6D5E-1857-43FB-9C54-642B8E0B3655}.Debug|iPhoneSimulator.Deploy.0 = Debug|iPhoneSimulator
		{59AD6D5E-1857-43FB-9C54-642B8E0B3655}.Release|Any CPU.ActiveCfg = Release|iPhone
		{59AD6D5E-1857-43FB-9C54-642B8E0B3655}.Release|Any CPU.Build.0 = Release|iPhone
		{59AD6D5E-1857-43FB-9C54-642B8E0B3655}.Release|Any CPU.Deploy.0 = Release|iPhone
		{59AD6D5E-1857-43FB-9C54-642B8E0B3655}.Release|iPhone.ActiveCfg = Release|iPhone
		{59AD6D5E-1857-43FB-9C54-642B8E0B3655}.Release|iPhone.Build.0 = Release|iPhone
		{59AD6D5E-1857-43FB-9C54-642B8E0B3655}.Release|iPhone.Deploy.0 = Release|iPhone
		{59AD6D5E-1857-43FB-9C54-642B8E0B3655}.Release|iPhoneSimulator.ActiveCfg = Release|iPhoneSimulator
		{59AD6D5E-1857-43FB-9C54-642B8E0B3655}.Release|iPhoneSimulator.Build.0 = Release|iPhoneSimulator
		{59AD6D5E-1857-43FB-9C54-642B8E0B3655}.Release|iPhoneSimulator.Deploy.0 = Release|iPhoneSimulator
		{7A84A754-9BBF-45CB-A4B3-1EB673336054}.Debug|Any CPU.ActiveCfg = Debug|Any CPU
		{7A84A754-9BBF-45CB-A4B3-1EB673336054}.Debug|Any CPU.Build.0 = Debug|Any CPU
		{7A84A754-9BBF-45CB-A4B3-1EB673336054}.Debug|Any CPU.Deploy.0 = Debug|Any CPU
		{7A84A754-9BBF-45CB-A4B3-1EB673336054}.Debug|iPhone.ActiveCfg = Debug|Any CPU
		{7A84A754-9BBF-45CB-A4B3-1EB673336054}.Debug|iPhone.Build.0 = Debug|Any CPU
		{7A84A754-9BBF-45CB-A4B3-1EB673336054}.Debug|iPhone.Deploy.0 = Debug|Any CPU
		{7A84A754-9BBF-45CB-A4B3-1EB673336054}.Debug|iPhoneSimulator.ActiveCfg = Debug|Any CPU
		{7A84A754-9BBF-45CB-A4B3-1EB673336054}.Debug|iPhoneSimulator.Build.0 = Debug|Any CPU
		{7A84A754-9BBF-45CB-A4B3-1EB673336054}.Debug|iPhoneSimulator.Deploy.0 = Debug|Any CPU
		{7A84A754-9BBF-45CB-A4B3-1EB673336054}.Release|Any CPU.ActiveCfg = Release|Any CPU
		{7A84A754-9BBF-45CB-A4B3-1EB673336054}.Release|Any CPU.Build.0 = Release|Any CPU
		{7A84A754-9BBF-45CB-A4B3-1EB673336054}.Release|Any CPU.Deploy.0 = Release|Any CPU
		{7A84A754-9BBF-45CB-A4B3-1EB673336054}.Release|iPhone.ActiveCfg = Release|Any CPU
		{7A84A754-9BBF-45CB-A4B3-1EB673336054}.Release|iPhone.Build.0 = Release|Any CPU
		{7A84A754-9BBF-45CB-A4B3-1EB673336054}.Release|iPhone.Deploy.0 = Release|Any CPU
		{7A84A754-9BBF-45CB-A4B3-1EB673336054}.Release|iPhoneSimulator.ActiveCfg = Release|Any CPU
		{7A84A754-9BBF-45CB-A4B3-1EB673336054}.Release|iPhoneSimulator.Build.0 = Release|Any CPU
		{7A84A754-9BBF-45CB-A4B3-1EB673336054}.Release|iPhoneSimulator.Deploy.0 = Release|Any CPU
	EndGlobalSection
	GlobalSection(SolutionProperties) = preSolution
		HideSolutionNode = FALSE
	EndGlobalSection
	GlobalSection(ExtensibilityGlobals) = postSolution
		SolutionGuid = {0C178EC3-B41C-40B9-BED3-E69EB58B411A}
	EndGlobalSection
EndGlobal
